
Microsoft Visual Studio Solution File, Format Version 12.00
# Visual Studio Version 17
VisualStudioVersion = 17.11.35327.3
MinimumVisualStudioVersion = 10.0.40219.1
Project("{8BC9CEB8-8B4A-11D0-8D11-00A0C91BC942}") = "MyMario", "MyMario.vcxproj", "{674C68D9-6C44-4CE7-BD69-450DB3541F17}"
EndProject
Global
	GlobalSection(SolutionConfigurationPlatforms) = preSolution
		Debug|ARM64 = Debug|ARM64
		Debug|x64 = Debug|x64
		Debug|x86 = Debug|x86
		Release|ARM64 = Release|ARM64
		Release|x64 = Release|x64
		Release|x86 = Release|x86
	EndGlobalSection
	GlobalSection(ProjectConfigurationPlatforms) = postSolution
		{674C68D9-6C44-4CE7-BD69-450DB3541F17}.Debug|ARM64.ActiveCfg = Debug|ARM64
		{674C68D9-6C44-4CE7-BD69-450DB3541F17}.Debug|ARM64.Build.0 = Debug|ARM64
		{674C68D9-6C44-4CE7-BD69-450DB3541F17}.Debug|x64.ActiveCfg = Debug|x64
		{674C68D9-6C44-4CE7-BD69-450DB3541F17}.Debug|x64.Build.0 = Debug|x64
		{674C68D9-6C44-4CE7-BD69-450DB3541F17}.Debug|x86.ActiveCfg = Debug|Win32
		{674C68D9-6C44-4CE7-BD69-450DB3541F17}.Debug|x86.Build.0 = Debug|Win32
		{674C68D9-6C44-4CE7-BD69-450DB3541F17}.Release|ARM64.ActiveCfg = Release|ARM64
		{674C68D9-6C44-4CE7-BD69-450DB3541F17}.Release|ARM64.Build.0 = Release|ARM64
		{674C68D9-6C44-4CE7-BD69-450DB3541F17}.Release|x64.ActiveCfg = Release|x64
		{674C68D9-6C44-4CE7-BD69-450DB3541F17}.Release|x64.Build.0 = Release|x64
		{674C68D9-6C44-4CE7-BD69-450DB3541F17}.Release|x86.ActiveCfg = Release|Win32
		{674C68D9-6C44-4CE7-BD69-450DB3541F17}.Release|x86.Build.0 = Release|Win32
	EndGlobalSection
	GlobalSection(SolutionProperties) = preSolution
		HideSolutionNode = FALSE
	EndGlobalSection
	GlobalSection(ExtensibilityGlobals) = postSolution
		SolutionGuid = {98D9C192-FA9B-4102-BC2E-E67136DFF5E1}
	EndGlobalSection
EndGlobal
